// !$*UTF8*$!
{
	archiveVersion = 1;
	classes = {
	};
	objectVersion = 50;
	objects = {

/* Begin PBXBuildFile section */
		FAB32F6D2224C55F00D4991D /* AppDelegate.swift in Sources */ = {isa = PBXBuildFile; fileRef = FAB32F6C2224C55F00D4991D /* AppDelegate.swift */; };
		FAB32F6F2224C55F00D4991D /* ViewController.swift in Sources */ = {isa = PBXBuildFile; fileRef = FAB32F6E2224C55F00D4991D /* ViewController.swift */; };
		FAB32F722224C55F00D4991D /* Main.storyboard in Resources */ = {isa = PBXBuildFile; fileRef = FAB32F702224C55F00D4991D /* Main.storyboard */; };
		FAB32F742224C56000D4991D /* Assets.xcassets in Resources */ = {isa = PBXBuildFile; fileRef = FAB32F732224C56000D4991D /* Assets.xcassets */; };
		FAB32F772224C56000D4991D /* LaunchScreen.storyboard in Resources */ = {isa = PBXBuildFile; fileRef = FAB32F752224C56000D4991D /* LaunchScreen.storyboard */; };
		FAB32F822224C56000D4991D /* swiftTestTests.swift in Sources */ = {isa = PBXBuildFile; fileRef = FAB32F812224C56000D4991D /* swiftTestTests.swift */; };
		FAB32F8D2224C56000D4991D /* swiftTestUITests.swift in Sources */ = {isa = PBXBuildFile; fileRef = FAB32F8C2224C56000D4991D /* swiftTestUITests.swift */; };
/* End PBXBuildFile section */

/* Begin PBXContainerItemProxy section */
		FAB32F7E2224C56000D4991D /* PBXContainerItemProxy */ = {
			isa = PBXContainerItemProxy;
			containerPortal = FAB32F612224C55F00D4991D /* Project object */;
			proxyType = 1;
			remoteGlobalIDString = FAB32F682224C55F00D4991D;
			remoteInfo = swiftTest;
		};
		FAB32F892224C56000D4991D /* PBXContainerItemProxy */ = {
			isa = PBXContainerItemProxy;
			containerPortal = FAB32F612224C55F00D4991D /* Project object */;
			proxyType = 1;
			remoteGlobalIDString = FAB32F682224C55F00D4991D;
			remoteInfo = swiftTest;
		};
/* End PBXContainerItemProxy section */

/* Begin PBXFileReference section */
		FAB32F692224C55F00D4991D /* swiftTest.app */ = {isa = PBXFileReference; explicitFileType = wrapper.application; includeInIndex = 0; path = swiftTest.app; sourceTree = BUILT_PRODUCTS_DIR; };
		FAB32F6C2224C55F00D4991D /* AppDelegate.swift */ = {isa = PBXFileReference; lastKnownFileType = sourcecode.swift; path = AppDelegate.swift; sourceTree = "<group>"; };
		FAB32F6E2224C55F00D4991D /* ViewController.swift */ = {isa = PBXFileReference; lastKnownFileType = sourcecode.swift; path = ViewController.swift; sourceTree = "<group>"; };
		FAB32F712224C55F00D4991D /* Base */ = {isa = PBXFileReference; lastKnownFileType = file.storyboard; name = Base; path = Base.lproj/Main.storyboard; sourceTree = "<group>"; };
		FAB32F732224C56000D4991D /* Assets.xcassets */ = {isa = PBXFileReference; lastKnownFileType = folder.assetcatalog; path = Assets.xcassets; sourceTree = "<group>"; };
		FAB32F762224C56000D4991D /* Base */ = {isa = PBXFileReference; lastKnownFileType = file.storyboard; name = Base; path = Base.lproj/LaunchScreen.storyboard; sourceTree = "<group>"; };
		FAB32F782224C56000D4991D /* Info.plist */ = {isa = PBXFileReference; lastKnownFileType = text.plist.xml; path = Info.plist; sourceTree = "<group>"; };
		FAB32F7D2224C56000D4991D /* swiftTestTests.xctest */ = {isa = PBXFileReference; explicitFileType = wrapper.cfbundle; includeInIndex = 0; path = swiftTestTests.xctest; sourceTree = BUILT_PRODUCTS_DIR; };
		FAB32F812224C56000D4991D /* swiftTestTests.swift */ = {isa = PBXFileReference; lastKnownFileType = sourcecode.swift; path = swiftTestTests.swift; sourceTree = "<group>"; };
		FAB32F832224C56000D4991D /* Info.plist */ = {isa = PBXFileReference; lastKnownFileType = text.plist.xml; path = Info.plist; sourceTree = "<group>"; };
		FAB32F882224C56000D4991D /* swiftTestUITests.xctest */ = {isa = PBXFileReference; explicitFileType = wrapper.cfbundle; includeInIndex = 0; path = swiftTestUITests.xctest; sourceTree = BUILT_PRODUCTS_DIR; };
		FAB32F8C2224C56000D4991D /* swiftTestUITests.swift */ = {isa = PBXFileReference; lastKnownFileType = sourcecode.swift; path = swiftTestUITests.swift; sourceTree = "<group>"; };
		FAB32F8E2224C56000D4991D /* Info.plist */ = {isa = PBXFileReference; lastKnownFileType = text.plist.xml; path = Info.plist; sourceTree = "<group>"; };
/* End PBXFileReference section */

/* Begin PBXFrameworksBuildPhase section */
		FAB32F662224C55F00D4991D /* Frameworks */ = {
			isa = PBXFrameworksBuildPhase;
			buildActionMask = 2147483647;
			files = (
			);
			runOnlyForDeploymentPostprocessing = 0;
		};
		FAB32F7A2224C56000D4991D /* Frameworks */ = {
			isa = PBXFrameworksBuildPhase;
			buildActionMask = 2147483647;
			files = (
			);
			runOnlyForDeploymentPostprocessing = 0;
		};
		FAB32F852224C56000D4991D /* Frameworks */ = {
			isa = PBXFrameworksBuildPhase;
			buildActionMask = 2147483647;
			files = (
			);
			runOnlyForDeploymentPostprocessing = 0;
		};
/* End PBXFrameworksBuildPhase section */

/* Begin PBXGroup section */
		FAB32F602224C55F00D4991D = {
			isa = PBXGroup;
			children = (
				FAB32F6B2224C55F00D4991D /* swiftTest */,
				FAB32F802224C56000D4991D /* swiftTestTests */,
				FAB32F8B2224C56000D4991D /* swiftTestUITests */,
				FAB32F6A2224C55F00D4991D /* Products */,
			);
			sourceTree = "<group>";
		};
		FAB32F6A2224C55F00D4991D /* Products */ = {
			isa = PBXGroup;
			children = (
				FAB32F692224C55F00D4991D /* swiftTest.app */,
				FAB32F7D2224C56000D4991D /* swiftTestTests.xctest */,
				FAB32F882224C56000D4991D /* swiftTestUITests.xctest */,
			);
			name = Products;
			sourceTree = "<group>";
		};
		FAB32F6B2224C55F00D4991D /* swiftTest */ = {
			isa = PBXGroup;
			children = (
				FAB32F6C2224C55F00D4991D /* AppDelegate.swift */,
				FAB32F6E2224C55F00D4991D /* ViewController.swift */,
				FAB32F702224C55F00D4991D /* Main.storyboard */,
				FAB32F732224C56000D4991D /* Assets.xcassets */,
				FAB32F752224C56000D4991D /* LaunchScreen.storyboard */,
				FAB32F782224C56000D4991D /* Info.plist */,
			);
			path = swiftTest;
			sourceTree = "<group>";
		};
		FAB32F802224C56000D4991D /* swiftTestTests */ = {
			isa = PBXGroup;
			children = (
				FAB32F812224C56000D4991D /* swiftTestTests.swift */,
				FAB32F832224C56000D4991D /* Info.plist */,
			);
			path = swiftTestTests;
			sourceTree = "<group>";
		};
		FAB32F8B2224C56000D4991D /* swiftTestUITests */ = {
			isa = PBXGroup;
			children = (
				FAB32F8C2224C56000D4991D /* swiftTestUITests.swift */,
				FAB32F8E2224C56000D4991D /* Info.plist */,
			);
			path = swiftTestUITests;
			sourceTree = "<group>";
		};
/* End PBXGroup section */

/* Begin PBXNativeTarget section */
		FAB32F682224C55F00D4991D /* swiftTest */ = {
			isa = PBXNativeTarget;
			buildConfigurationList = FAB32F912224C56000D4991D /* Build configuration list for PBXNativeTarget "swiftTest" */;
			buildPhases = (
				FAB32F652224C55F00D4991D /* Sources */,
				FAB32F662224C55F00D4991D /* Frameworks */,
				FAB32F672224C55F00D4991D /* Resources */,
			);
			buildRules = (
			);
			dependencies = (
			);
			name = swiftTest;
			productName = swiftTest;
			productReference = FAB32F692224C55F00D4991D /* swiftTest.app */;
			productType = "com.apple.product-type.application";
		};
		FAB32F7C2224C56000D4991D /* swiftTestTests */ = {
			isa = PBXNativeTarget;
			buildConfigurationList = FAB32F942224C56000D4991D /* Build configuration list for PBXNativeTarget "swiftTestTests" */;
			buildPhases = (
				FAB32F792224C56000D4991D /* Sources */,
				FAB32F7A2224C56000D4991D /* Frameworks */,
				FAB32F7B2224C56000D4991D /* Resources */,
			);
			buildRules = (
			);
			dependencies = (
				FAB32F7F2224C56000D4991D /* PBXTargetDependency */,
			);
			name = swiftTestTests;
			productName = swiftTestTests;
			productReference = FAB32F7D2224C56000D4991D /* swiftTestTests.xctest */;
			productType = "com.apple.product-type.bundle.unit-test";
		};
		FAB32F872224C56000D4991D /* swiftTestUITests */ = {
			isa = PBXNativeTarget;
			buildConfigurationList = FAB32F972224C56000D4991D /* Build configuration list for PBXNativeTarget "swiftTestUITests" */;
			buildPhases = (
				FAB32F842224C56000D4991D /* Sources */,
				FAB32F852224C56000D4991D /* Frameworks */,
				FAB32F862224C56000D4991D /* Resources */,
			);
			buildRules = (
			);
			dependencies = (
				FAB32F8A2224C56000D4991D /* PBXTargetDependency */,
			);
			name = swiftTestUITests;
			productName = swiftTestUITests;
			productReference = FAB32F882224C56000D4991D /* swiftTestUITests.xctest */;
			productType = "com.apple.product-type.bundle.ui-testing";
		};
/* End PBXNativeTarget section */

/* Begin PBXProject section */
		FAB32F612224C55F00D4991D /* Project object */ = {
			isa = PBXProject;
			attributes = {
				LastSwiftUpdateCheck = 1010;
				LastUpgradeCheck = 1010;
				ORGANIZATIONNAME = "Federico Cruz";
				TargetAttributes = {
					FAB32F682224C55F00D4991D = {
						CreatedOnToolsVersion = 10.1;
					};
					FAB32F7C2224C56000D4991D = {
						CreatedOnToolsVersion = 10.1;
						TestTargetID = FAB32F682224C55F00D4991D;
					};
					FAB32F872224C56000D4991D = {
						CreatedOnToolsVersion = 10.1;
						TestTargetID = FAB32F682224C55F00D4991D;
					};
				};
			};
			buildConfigurationList = FAB32F642224C55F00D4991D /* Build configuration list for PBXProject "swiftTest" */;
			compatibilityVersion = "Xcode 9.3";
			developmentRegion = en;
			hasScannedForEncodings = 0;
			knownRegions = (
				en,
				Base,
			);
			mainGroup = FAB32F602224C55F00D4991D;
			productRefGroup = FAB32F6A2224C55F00D4991D /* Products */;
			projectDirPath = "";
			projectRoot = "";
			targets = (
				FAB32F682224C55F00D4991D /* swiftTest */,
				FAB32F7C2224C56000D4991D /* swiftTestTests */,
				FAB32F872224C56000D4991D /* swiftTestUITests */,
			);
		};
/* End PBXProject section */

/* Begin PBXResourcesBuildPhase section */
		FAB32F672224C55F00D4991D /* Resources */ = {
			isa = PBXResourcesBuildPhase;
			buildActionMask = 2147483647;
			files = (
				FAB32F772224C56000D4991D /* LaunchScreen.storyboard in Resources */,
				FAB32F742224C56000D4991D /* Assets.xcassets in Resources */,
				FAB32F722224C55F00D4991D /* Main.storyboard in Resources */,
			);
			runOnlyForDeploymentPostprocessing = 0;
		};
		FAB32F7B2224C56000D4991D /* Resources */ = {
			isa = PBXResourcesBuildPhase;
			buildActionMask = 2147483647;
			files = (
			);
			runOnlyForDeploymentPostprocessing = 0;
		};
		FAB32F862224C56000D4991D /* Resources */ = {
			isa = PBXResourcesBuildPhase;
			buildActionMask = 2147483647;
			files = (
			);
			runOnlyForDeploymentPostprocessing = 0;
		};
/* End PBXResourcesBuildPhase section */

/* Begin PBXSourcesBuildPhase section */
		FAB32F652224C55F00D4991D /* Sources */ = {
			isa = PBXSourcesBuildPhase;
			buildActionMask = 2147483647;
			files = (
				FAB32F6F2224C55F00D4991D /* ViewController.swift in Sources */,
				FAB32F6D2224C55F00D4991D /* AppDelegate.swift in Sources */,
			);
			runOnlyForDeploymentPostprocessing = 0;
		};
		FAB32F792224C56000D4991D /* Sources */ = {
			isa = PBXSourcesBuildPhase;
			buildActionMask = 2147483647;
			files = (
				FAB32F822224C56000D4991D /* swiftTestTests.swift in Sources */,
			);
			runOnlyForDeploymentPostprocessing = 0;
		};
		FAB32F842224C56000D4991D /* Sources */ = {
			isa = PBXSourcesBuildPhase;
			buildActionMask = 2147483647;
			files = (
				FAB32F8D2224C56000D4991D /* swiftTestUITests.swift in Sources */,
			);
			runOnlyForDeploymentPostprocessing = 0;
		};
/* End PBXSourcesBuildPhase section */

/* Begin PBXTargetDependency section */
		FAB32F7F2224C56000D4991D /* PBXTargetDependency */ = {
			isa = PBXTargetDependency;
			target = FAB32F682224C55F00D4991D /* swiftTest */;
			targetProxy = FAB32F7E2224C56000D4991D /* PBXContainerItemProxy */;
		};
		FAB32F8A2224C56000D4991D /* PBXTargetDependency */ = {
			isa = PBXTargetDependency;
			target = FAB32F682224C55F00D4991D /* swiftTest */;
			targetProxy = FAB32F892224C56000D4991D /* PBXContainerItemProxy */;
		};
/* End PBXTargetDependency section */

/* Begin PBXVariantGroup section */
		FAB32F702224C55F00D4991D /* Main.storyboard */ = {
			isa = PBXVariantGroup;
			children = (
				FAB32F712224C55F00D4991D /* Base */,
			);
			name = Main.storyboard;
			sourceTree = "<group>";
		};
		FAB32F752224C56000D4991D /* LaunchScreen.storyboard */ = {
			isa = PBXVariantGroup;
			children = (
				FAB32F762224C56000D4991D /* Base */,
			);
			name = LaunchScreen.storyboard;
			sourceTree = "<group>";
		};
/* End PBXVariantGroup section */

/* Begin XCBuildConfiguration section */
		FAB32F8F2224C56000D4991D /* Debug */ = {
			isa = XCBuildConfiguration;
			buildSettings = {
				ALWAYS_SEARCH_USER_PATHS = NO;
				CLANG_ANALYZER_NONNULL = YES;
				CLANG_ANALYZER_NUMBER_OBJECT_CONVERSION = YES_AGGRESSIVE;
				CLANG_CXX_LANGUAGE_STANDARD = "gnu++14";
				CLANG_CXX_LIBRARY = "libc++";
				CLANG_ENABLE_MODULES = YES;
				CLANG_ENABLE_OBJC_ARC = YES;
				CLANG_ENABLE_OBJC_WEAK = YES;
				CLANG_WARN_BLOCK_CAPTURE_AUTORELEASING = YES;
				CLANG_WARN_BOOL_CONVERSION = YES;
				CLANG_WARN_COMMA = YES;
				CLANG_WARN_CONSTANT_CONVERSION = YES;
				CLANG_WARN_DEPRECATED_OBJC_IMPLEMENTATIONS = YES;
				CLANG_WARN_DIRECT_OBJC_ISA_USAGE = YES_ERROR;
				CLANG_WARN_DOCUMENTATION_COMMENTS = YES;
				CLANG_WARN_EMPTY_BODY = YES;
				CLANG_WARN_ENUM_CONVERSION = YES;
				CLANG_WARN_INFINITE_RECURSION = YES;
				CLANG_WARN_INT_CONVERSION = YES;
				CLANG_WARN_NON_LITERAL_NULL_CONVERSION = YES;
				CLANG_WARN_OBJC_IMPLICIT_RETAIN_SELF = YES;
				CLANG_WARN_OBJC_LITERAL_CONVERSION = YES;
				CLANG_WARN_OBJC_ROOT_CLASS = YES_ERROR;
				CLANG_WARN_RANGE_LOOP_ANALYSIS = YES;
				CLANG_WARN_STRICT_PROTOTYPES = YES;
				CLANG_WARN_SUSPICIOUS_MOVE = YES;
				CLANG_WARN_UNGUARDED_AVAILABILITY = YES_AGGRESSIVE;
				CLANG_WARN_UNREACHABLE_CODE = YES;
				CLANG_WARN__DUPLICATE_METHOD_MATCH = YES;
				CODE_SIGN_IDENTITY = "iPhone Developer";
				COPY_PHASE_STRIP = NO;
				DEBUG_INFORMATION_FORMAT = dwarf;
				ENABLE_STRICT_OBJC_MSGSEND = YES;
				ENABLE_TESTABILITY = YES;
				GCC_C_LANGUAGE_STANDARD = gnu11;
				GCC_DYNAMIC_NO_PIC = NO;
				GCC_NO_COMMON_BLOCKS = YES;
				GCC_OPTIMIZATION_LEVEL = 0;
				GCC_PREPROCESSOR_DEFINITIONS = (
					"DEBUG=1",
					"$(inherited)",
				);
				GCC_WARN_64_TO_32_BIT_CONVERSION = YES;
				GCC_WARN_ABOUT_RETURN_TYPE = YES_ERROR;
				GCC_WARN_UNDECLARED_SELECTOR = YES;
				GCC_WARN_UNINITIALIZED_AUTOS = YES_AGGRESSIVE;
				GCC_WARN_UNUSED_FUNCTION = YES;
				GCC_WARN_UNUSED_VARIABLE = YES;
				IPHONEOS_DEPLOYMENT_TARGET = 12.1;
				MTL_ENABLE_DEBUG_INFO = INCLUDE_SOURCE;
				MTL_FAST_MATH = YES;
				ONLY_ACTIVE_ARCH = YES;
				SDKROOT = iphoneos;
				SWIFT_ACTIVE_COMPILATION_CONDITIONS = DEBUG;
				SWIFT_OPTIMIZATION_LEVEL = "-Onone";
			};
			name = Debug;
		};
		FAB32F902224C56000D4991D /* Release */ = {
			isa = XCBuildConfiguration;
			buildSettings = {
				ALWAYS_SEARCH_USER_PATHS = NO;
				CLANG_ANALYZER_NONNULL = YES;
				CLANG_ANALYZER_NUMBER_OBJECT_CONVERSION = YES_AGGRESSIVE;
				CLANG_CXX_LANGUAGE_STANDARD = "gnu++14";
				CLANG_CXX_LIBRARY = "libc++";
				CLANG_ENABLE_MODULES = YES;
				CLANG_ENABLE_OBJC_ARC = YES;
				CLANG_ENABLE_OBJC_WEAK = YES;
				CLANG_WARN_BLOCK_CAPTURE_AUTORELEASING = YES;
				CLANG_WARN_BOOL_CONVERSION = YES;
				CLANG_WARN_COMMA = YES;
				CLANG_WARN_CONSTANT_CONVERSION = YES;
				CLANG_WARN_DEPRECATED_OBJC_IMPLEMENTATIONS = YES;
				CLANG_WARN_DIRECT_OBJC_ISA_USAGE = YES_ERROR;
				CLANG_WARN_DOCUMENTATION_COMMENTS = YES;
				CLANG_WARN_EMPTY_BODY = YES;
				CLANG_WARN_ENUM_CONVERSION = YES;
				CLANG_WARN_INFINITE_RECURSION = YES;
				CLANG_WARN_INT_CONVERSION = YES;
				CLANG_WARN_NON_LITERAL_NULL_CONVERSION = YES;
				CLANG_WARN_OBJC_IMPLICIT_RETAIN_SELF = YES;
				CLANG_WARN_OBJC_LITERAL_CONVERSION = YES;
				CLANG_WARN_OBJC_ROOT_CLASS = YES_ERROR;
				CLANG_WARN_RANGE_LOOP_ANALYSIS = YES;
				CLANG_WARN_STRICT_PROTOTYPES = YES;
				CLANG_WARN_SUSPICIOUS_MOVE = YES;
				CLANG_WARN_UNGUARDED_AVAILABILITY = YES_AGGRESSIVE;
				CLANG_WARN_UNREACHABLE_CODE = YES;
				CLANG_WARN__DUPLICATE_METHOD_MATCH = YES;
				CODE_SIGN_IDENTITY = "iPhone Developer";
				COPY_PHASE_STRIP = NO;
				DEBUG_INFORMATION_FORMAT = "dwarf-with-dsym";
				ENABLE_NS_ASSERTIONS = NO;
				ENABLE_STRICT_OBJC_MSGSEND = YES;
				GCC_C_LANGUAGE_STANDARD = gnu11;
				GCC_NO_COMMON_BLOCKS = YES;
				GCC_WARN_64_TO_32_BIT_CONVERSION = YES;
				GCC_WARN_ABOUT_RETURN_TYPE = YES_ERROR;
				GCC_WARN_UNDECLARED_SELECTOR = YES;
				GCC_WARN_UNINITIALIZED_AUTOS = YES_AGGRESSIVE;
				GCC_WARN_UNUSED_FUNCTION = YES;
				GCC_WARN_UNUSED_VARIABLE = YES;
				IPHONEOS_DEPLOYMENT_TARGET = 12.1;
				MTL_ENABLE_DEBUG_INFO = NO;
				MTL_FAST_MATH = YES;
				SDKROOT = iphoneos;
				SWIFT_COMPILATION_MODE = wholemodule;
				SWIFT_OPTIMIZATION_LEVEL = "-O";
				VALIDATE_PRODUCT = YES;
			};
			name = Release;
		};
		FAB32F922224C56000D4991D /* Debug */ = {
			isa = XCBuildConfiguration;
			buildSettings = {
				ASSETCATALOG_COMPILER_APPICON_NAME = AppIcon;
				CODE_SIGN_STYLE = Automatic;
				INFOPLIST_FILE = swiftTest/Info.plist;
				LD_RUNPATH_SEARCH_PATHS = (
					"$(inherited)",
					"@executable_path/Frameworks",
				);
				PRODUCT_BUNDLE_IDENTIFIER = babelmx.swiftTest;
				PRODUCT_NAME = "$(TARGET_NAME)";
				SWIFT_VERSION = 4.2;
				TARGETED_DEVICE_FAMILY = "1,2";
			};
			name = Debug;
		};
		FAB32F932224C56000D4991D /* Release */ = {
			isa = XCBuildConfiguration;
			buildSettings = {
				ASSETCATALOG_COMPILER_APPICON_NAME = AppIcon;
				CODE_SIGN_STYLE = Automatic;
				INFOPLIST_FILE = swiftTest/Info.plist;
				LD_RUNPATH_SEARCH_PATHS = (
					"$(inherited)",
					"@executable_path/Frameworks",
				);
				PRODUCT_BUNDLE_IDENTIFIER = babelmx.swiftTest;
				PRODUCT_NAME = "$(TARGET_NAME)";
				SWIFT_VERSION = 4.2;
				TARGETED_DEVICE_FAMILY = "1,2";
			};
			name = Release;
		};
		FAB32F952224C56000D4991D /* Debug */ = {
			isa = XCBuildConfiguration;
			buildSettings = {
				ALWAYS_EMBED_SWIFT_STANDARD_LIBRARIES = YES;
				BUNDLE_LOADER = "$(TEST_HOST)";
				CODE_SIGN_STYLE = Automatic;
				INFOPLIST_FILE = swiftTestTests/Info.plist;
				LD_RUNPATH_SEARCH_PATHS = (
					"$(inherited)",
					"@executable_path/Frameworks",
					"@loader_path/Frameworks",
				);
				PRODUCT_BUNDLE_IDENTIFIER = babelmx.swiftTestTests;
				PRODUCT_NAME = "$(TARGET_NAME)";
				SWIFT_VERSION = 4.2;
				TARGETED_DEVICE_FAMILY = "1,2";
				TEST_HOST = "$(BUILT_PRODUCTS_DIR)/swiftTest.app/swiftTest";
			};
			name = Debug;
		};
		FAB32F962224C56000D4991D /* Release */ = {
			isa = XCBuildConfiguration;
			buildSettings = {
				ALWAYS_EMBED_SWIFT_STANDARD_LIBRARIES = YES;
				BUNDLE_LOADER = "$(TEST_HOST)";
				CODE_SIGN_STYLE = Automatic;
				INFOPLIST_FILE = swiftTestTests/Info.plist;
				LD_RUNPATH_SEARCH_PATHS = (
					"$(inherited)",
					"@executable_path/Frameworks",
					"@loader_path/Frameworks",
				);
				PRODUCT_BUNDLE_IDENTIFIER = babelmx.swiftTestTests;
				PRODUCT_NAME = "$(TARGET_NAME)";
				SWIFT_VERSION = 4.2;
				TARGETED_DEVICE_FAMILY = "1,2";
				TEST_HOST = "$(BUILT_PRODUCTS_DIR)/swiftTest.app/swiftTest";
			};
			name = Release;
		};
		FAB32F982224C56000D4991D /* Debug */ = {
			isa = XCBuildConfiguration;
			buildSettings = {
				ALWAYS_EMBED_SWIFT_STANDARD_LIBRARIES = YES;
				CODE_SIGN_STYLE = Automatic;
				INFOPLIST_FILE = swiftTestUITests/Info.plist;
				LD_RUNPATH_SEARCH_PATHS = (
					"$(inherited)",
					"@executable_path/Frameworks",
					"@loader_path/Frameworks",
				);
				PRODUCT_BUNDLE_IDENTIFIER = babelmx.swiftTestUITests;
				PRODUCT_NAME = "$(TARGET_NAME)";
				SWIFT_VERSION = 4.2;
				TARGETED_DEVICE_FAMILY = "1,2";
				TEST_TARGET_NAME = swiftTest;
			};
			name = Debug;
		};
		FAB32F992224C56000D4991D /* Release */ = {
			isa = XCBuildConfiguration;
			buildSettings = {
				ALWAYS_EMBED_SWIFT_STANDARD_LIBRARIES = YES;
				CODE_SIGN_STYLE = Automatic;
				INFOPLIST_FILE = swiftTestUITests/Info.plist;
				LD_RUNPATH_SEARCH_PATHS = (
					"$(inherited)",
					"@executable_path/Frameworks",
					"@loader_path/Frameworks",
				);
				PRODUCT_BUNDLE_IDENTIFIER = babelmx.swiftTestUITests;
				PRODUCT_NAME = "$(TARGET_NAME)";
				SWIFT_VERSION = 4.2;
				TARGETED_DEVICE_FAMILY = "1,2";
				TEST_TARGET_NAME = swiftTest;
			};
			name = Release;
		};
/* End XCBuildConfiguration section */

/* Begin XCConfigurationList section */
		FAB32F642224C55F00D4991D /* Build configuration list for PBXProject "swiftTest" */ = {
			isa = XCConfigurationList;
			buildConfigurations = (
				FAB32F8F2224C56000D4991D /* Debug */,
				FAB32F902224C56000D4991D /* Release */,
			);
			defaultConfigurationIsVisible = 0;
			defaultConfigurationName = Release;
		};
		FAB32F912224C56000D4991D /* Build configuration list for PBXNativeTarget "swiftTest" */ = {
			isa = XCConfigurationList;
			buildConfigurations = (
				FAB32F922224C56000D4991D /* Debug */,
				FAB32F932224C56000D4991D /* Release */,
			);
			defaultConfigurationIsVisible = 0;
			defaultConfigurationName = Release;
		};
		FAB32F942224C56000D4991D /* Build configuration list for PBXNativeTarget "swiftTestTests" */ = {
			isa = XCConfigurationList;
			buildConfigurations = (
				FAB32F952224C56000D4991D /* Debug */,
				FAB32F962224C56000D4991D /* Release */,
			);
			defaultConfigurationIsVisible = 0;
			defaultConfigurationName = Release;
		};
		FAB32F972224C56000D4991D /* Build configuration list for PBXNativeTarget "swiftTestUITests" */ = {
			isa = XCConfigurationList;
			buildConfigurations = (
				FAB32F982224C56000D4991D /* Debug */,
				FAB32F992224C56000D4991D /* Release */,
			);
			defaultConfigurationIsVisible = 0;
			defaultConfigurationName = Release;
		};
/* End XCConfigurationList section */
	};
	rootObject = FAB32F612224C55F00D4991D /* Project object */;
}
